
Microsoft Visual Studio Solution File, Format Version 12.00
# Visual Studio Version 16
VisualStudioVersion = 16.0.32002.261
MinimumVisualStudioVersion = 10.0.40219.1
Project("{FAE04EC0-301F-11D3-BF4B-00C04F79EFBC}") = "ConsoleApp2", "ConsoleApp2.csproj", "{98E0923B-BB16-4318-B974-1E69419777C9}"
EndProject
Global
	GlobalSection(SolutionConfigurationPlatforms) = preSolution
		Debug|Any CPU = Debug|Any CPU
		Release|Any CPU = Release|Any CPU
	EndGlobalSection
	GlobalSection(ProjectConfigurationPlatforms) = postSolution
		{98E0923B-BB16-4318-B974-1E69419777C9}.Debug|Any CPU.ActiveCfg = Debug|Any CPU
		{98E0923B-BB16-4318-B974-1E69419777C9}.Debug|Any CPU.Build.0 = Debug|Any CPU
		{98E0923B-BB16-4318-B974-1E69419777C9}.Release|Any CPU.ActiveCfg = Release|Any CPU
		{98E0923B-BB16-4318-B974-1E69419777C9}.Release|Any CPU.Build.0 = Release|Any CPU
	EndGlobalSection
	GlobalSection(SolutionProperties) = preSolution
		HideSolutionNode = FALSE
	EndGlobalSection
	GlobalSection(ExtensibilityGlobals) = postSolution
		SolutionGuid = {A10D0C12-1ECA-4578-B78A-FDE69F676593}
	EndGlobalSection
EndGlobal
