
Microsoft Visual Studio Solution File, Format Version 12.00
# Visual Studio Version 16
VisualStudioVersion = 16.0.32002.261
MinimumVisualStudioVersion = 10.0.40219.1
Project("{9A19103F-16F7-4668-BE54-9A1E7A4F7556}") = "ConsoleApp3", "ConsoleApp3.csproj", "{7F8CF799-F8BE-47C7-906C-0475B05C3CB5}"
EndProject
Project("{2150E333-8FDC-42A3-9474-1A3956D46DE8}") = "Solution Items", "Solution Items", "{26D20939-051D-47DF-BD27-5813B07887BC}"
	ProjectSection(SolutionItems) = preProject
		.editorconfig = .editorconfig
	EndProjectSection
EndProject
Global
	GlobalSection(SolutionConfigurationPlatforms) = preSolution
		Debug|Any CPU = Debug|Any CPU
		Release|Any CPU = Release|Any CPU
	EndGlobalSection
	GlobalSection(ProjectConfigurationPlatforms) = postSolution
		{7F8CF799-F8BE-47C7-906C-0475B05C3CB5}.Debug|Any CPU.ActiveCfg = Debug|Any CPU
		{7F8CF799-F8BE-47C7-906C-0475B05C3CB5}.Debug|Any CPU.Build.0 = Debug|Any CPU
		{7F8CF799-F8BE-47C7-906C-0475B05C3CB5}.Release|Any CPU.ActiveCfg = Release|Any CPU
		{7F8CF799-F8BE-47C7-906C-0475B05C3CB5}.Release|Any CPU.Build.0 = Release|Any CPU
	EndGlobalSection
	GlobalSection(SolutionProperties) = preSolution
		HideSolutionNode = FALSE
	EndGlobalSection
	GlobalSection(ExtensibilityGlobals) = postSolution
		SolutionGuid = {31085F83-07A8-48E8-B711-0CABBF0BB5EE}
	EndGlobalSection
EndGlobal
